<?xml version="1.0" encoding="utf-8"?>
<Project ToolsVersion="4.0" xmlns="http://schemas.microsoft.com/developer/msbuild/2003">
  <ItemGroup>
    <Filter Include="Default">
      <UniqueIdentifier>{29f39849-422c-4536-8ac9-3efe52a7d17e}</UniqueIdentifier>
    </Filter>
    <Filter Include="Engine">
      <UniqueIdentifier>{15950381-54dd-4c6b-99b1-ad96c8997470}</UniqueIdentifier>
    </Filter>
    <Filter Include="Manager">
      <UniqueIdentifier>{e997ee8c-85a5-4882-885e-1bdb7035a23b}</UniqueIdentifier>
    </Filter>
    <Filter Include="Object">
      <UniqueIdentifier>{ffc2abf5-4be9-45f3-a20b-b565c6537058}</UniqueIdentifier>
    </Filter>
    <Filter Include="Object\Component">
      <UniqueIdentifier>{54264a19-fbcc-4fb5-b064-777a5490fddc}</UniqueIdentifier>
    </Filter>
    <Filter Include="Object\Resource">
      <UniqueIdentifier>{447bef08-f7a0-44ba-9c40-b0da416f50b1}</UniqueIdentifier>
    </Filter>
    <Filter Include="Object\Component\Collider">
      <UniqueIdentifier>{4a7f5ec2-b108-4860-9c34-0ba76e3022a5}</UniqueIdentifier>
    </Filter>
    <Filter Include="Object\Test">
      <UniqueIdentifier>{b71fefaf-4ddf-46fe-8903-db478785999c}</UniqueIdentifier>
    </Filter>
    <Filter Include="Shader">
      <UniqueIdentifier>{6baa36b7-efa1-4684-8b58-bf71fb9e7902}</UniqueIdentifier>
    </Filter>
    <Filter Include="Object\Component\Script">
      <UniqueIdentifier>{7071399f-52f2-48dc-a0bd-2573dacb2c01}</UniqueIdentifier>
    </Filter>
    <Filter Include="Manager\Scene">
      <UniqueIdentifier>{82db5ec8-1e60-4a3e-b73f-8c87f90a5dfa}</UniqueIdentifier>
    </Filter>
  </ItemGroup>
  <ItemGroup>
    <ClInclude Include="pch.h">
      <Filter>Default</Filter>
    </ClInclude>
    <ClInclude Include="framework.h">
      <Filter>Default</Filter>
    </ClInclude>
    <ClInclude Include="Engine.h">
      <Filter>Engine</Filter>
    </ClInclude>
    <ClInclude Include="EnginePch.h">
      <Filter>Default</Filter>
    </ClInclude>
    <ClInclude Include="SimpleMath.h">
      <Filter>Default</Filter>
    </ClInclude>
    <ClInclude Include="DXManager.h">
      <Filter>Manager</Filter>
    </ClInclude>
    <ClInclude Include="BufferManager.h">
      <Filter>Manager</Filter>
    </ClInclude>
    <ClInclude Include="ConstantBuffer.h">
      <Filter>Engine</Filter>
    </ClInclude>
    <ClInclude Include="Object.h">
      <Filter>Object</Filter>
    </ClInclude>
    <ClInclude Include="GameObject.h">
      <Filter>Object</Filter>
    </ClInclude>
    <ClInclude Include="Component.h">
      <Filter>Object\Component</Filter>
    </ClInclude>
    <ClInclude Include="Transform.h">
      <Filter>Object\Component</Filter>
    </ClInclude>
    <ClInclude Include="Camera.h">
      <Filter>Object\Component</Filter>
    </ClInclude>
    <ClInclude Include="Light.h">
      <Filter>Object\Component</Filter>
    </ClInclude>
    <ClInclude Include="Material.h">
      <Filter>Object\Resource</Filter>
    </ClInclude>
    <ClInclude Include="RenderTargetGroup.h">
      <Filter>Engine</Filter>
    </ClInclude>
    <ClInclude Include="StructuredBuffer.h">
      <Filter>Engine</Filter>
    </ClInclude>
    <ClInclude Include="Input.h">
      <Filter>Manager</Filter>
    </ClInclude>
    <ClInclude Include="InstancingManager.h">
      <Filter>Manager</Filter>
    </ClInclude>
    <ClInclude Include="Resources.h">
      <Filter>Manager</Filter>
    </ClInclude>
    <ClInclude Include="SceneManager.h">
      <Filter>Manager</Filter>
    </ClInclude>
    <ClInclude Include="Timer.h">
      <Filter>Manager</Filter>
    </ClInclude>
    <ClInclude Include="BaseCollider.h">
      <Filter>Object\Component\Collider</Filter>
    </ClInclude>
    <ClInclude Include="SphereCollider.h">
      <Filter>Object\Component\Collider</Filter>
    </ClInclude>
    <ClInclude Include="Animator.h">
      <Filter>Object\Component</Filter>
    </ClInclude>
    <ClInclude Include="Frustum.h">
      <Filter>Object\Component</Filter>
    </ClInclude>
    <ClInclude Include="MeshRenderer.h">
      <Filter>Object\Component</Filter>
    </ClInclude>
    <ClInclude Include="MonoBehaviour.h">
      <Filter>Object\Component</Filter>
    </ClInclude>
    <ClInclude Include="ParticleSystem.h">
      <Filter>Object\Component</Filter>
    </ClInclude>
    <ClInclude Include="resource.h" />
    <ClInclude Include="Terrain.h">
      <Filter>Object\Component</Filter>
    </ClInclude>
    <ClInclude Include="Mesh.h">
      <Filter>Object\Resource</Filter>
    </ClInclude>
    <ClInclude Include="MeshData.h">
      <Filter>Object\Resource</Filter>
    </ClInclude>
    <ClInclude Include="Shader.h">
      <Filter>Object\Resource</Filter>
    </ClInclude>
    <ClInclude Include="Texture.h">
      <Filter>Object\Resource</Filter>
    </ClInclude>
    <ClInclude Include="FBXLoader.h">
      <Filter>Default</Filter>
    </ClInclude>
    <ClInclude Include="InstancingBuffer.h">
      <Filter>Engine</Filter>
    </ClInclude>
    <ClInclude Include="Scene.h">
      <Filter>Manager\Scene</Filter>
    </ClInclude>
    <ClInclude Include="Scene1.h">
      <Filter>Manager\Scene</Filter>
    </ClInclude>
    <ClInclude Include="PlayerScript.h">
      <Filter>Object\Component\Script</Filter>
    </ClInclude>
    <ClInclude Include="CameraHolder.h">
      <Filter>Object\Component\Script</Filter>
    </ClInclude>
  </ItemGroup>
  <ItemGroup>
    <ClCompile Include="pch.cpp">
      <Filter>Default</Filter>
    </ClCompile>
    <ClCompile Include="Engine.cpp">
      <Filter>Engine</Filter>
    </ClCompile>
    <ClCompile Include="EnginePch.cpp">
      <Filter>Default</Filter>
    </ClCompile>
    <ClCompile Include="SimpleMath.cpp">
      <Filter>Default</Filter>
    </ClCompile>
    <ClCompile Include="DXManager.cpp">
      <Filter>Manager</Filter>
    </ClCompile>
    <ClCompile Include="BufferManager.cpp">
      <Filter>Manager</Filter>
    </ClCompile>
    <ClCompile Include="ConstantBuffer.cpp">
      <Filter>Engine</Filter>
    </ClCompile>
    <ClCompile Include="Object.cpp">
      <Filter>Object</Filter>
    </ClCompile>
    <ClCompile Include="GameObject.cpp">
      <Filter>Object</Filter>
    </ClCompile>
    <ClCompile Include="Component.cpp">
      <Filter>Object\Component</Filter>
    </ClCompile>
    <ClCompile Include="Transform.cpp">
      <Filter>Object\Component</Filter>
    </ClCompile>
    <ClCompile Include="Camera.cpp">
      <Filter>Object\Component</Filter>
    </ClCompile>
    <ClCompile Include="Light.cpp">
      <Filter>Object\Component</Filter>
    </ClCompile>
    <ClCompile Include="Material.cpp">
      <Filter>Object\Resource</Filter>
    </ClCompile>
    <ClCompile Include="RenderTargetGroup.cpp">
      <Filter>Engine</Filter>
    </ClCompile>
    <ClCompile Include="StructuredBuffer.cpp">
      <Filter>Engine</Filter>
    </ClCompile>
    <ClCompile Include="Input.cpp">
      <Filter>Manager</Filter>
    </ClCompile>
    <ClCompile Include="InstancingManager.cpp">
      <Filter>Manager</Filter>
    </ClCompile>
    <ClCompile Include="Resources.cpp">
      <Filter>Manager</Filter>
    </ClCompile>
    <ClCompile Include="SceneManager.cpp">
      <Filter>Manager</Filter>
    </ClCompile>
    <ClCompile Include="Timer.cpp">
      <Filter>Manager</Filter>
    </ClCompile>
    <ClCompile Include="BaseCollider.cpp">
      <Filter>Object\Component\Collider</Filter>
    </ClCompile>
    <ClCompile Include="SphereCollider.cpp">
      <Filter>Object\Component\Collider</Filter>
    </ClCompile>
    <ClCompile Include="Animator.cpp">
      <Filter>Object\Component</Filter>
    </ClCompile>
    <ClCompile Include="Frustum.cpp">
      <Filter>Object\Component</Filter>
    </ClCompile>
    <ClCompile Include="MeshRenderer.cpp">
      <Filter>Object\Component</Filter>
    </ClCompile>
    <ClCompile Include="MonoBehaviour.cpp">
      <Filter>Object\Component</Filter>
    </ClCompile>
    <ClCompile Include="ParticleSystem.cpp">
      <Filter>Object\Component</Filter>
    </ClCompile>
    <ClCompile Include="Terrain.cpp">
      <Filter>Object\Component</Filter>
    </ClCompile>
    <ClCompile Include="Mesh.cpp">
      <Filter>Object\Resource</Filter>
    </ClCompile>
    <ClCompile Include="MeshData.cpp">
      <Filter>Object\Resource</Filter>
    </ClCompile>
    <ClCompile Include="Shader.cpp">
      <Filter>Object\Resource</Filter>
    </ClCompile>
    <ClCompile Include="Texture.cpp">
      <Filter>Object\Resource</Filter>
    </ClCompile>
    <ClCompile Include="FBXLoader.cpp">
      <Filter>Default</Filter>
    </ClCompile>
    <ClCompile Include="InstancingBuffer.cpp">
      <Filter>Engine</Filter>
    </ClCompile>
    <ClCompile Include="Scene.cpp">
      <Filter>Manager\Scene</Filter>
    </ClCompile>
    <ClCompile Include="Scene1.cpp">
      <Filter>Manager\Scene</Filter>
    </ClCompile>
    <ClCompile Include="PlayerScript.cpp">
      <Filter>Object\Component\Script</Filter>
    </ClCompile>
    <ClCompile Include="CameraHolder.cpp">
      <Filter>Object\Component\Script</Filter>
    </ClCompile>
  </ItemGroup>
  <ItemGroup>
    <None Include="SimpleMath.inl">
      <Filter>Default</Filter>
    </None>
  </ItemGroup>
  <ItemGroup>
    <FxCompile Include="..\Resources\Shader\animation.fx">
      <Filter>Shader</Filter>
    </FxCompile>
    <FxCompile Include="..\Resources\Shader\compute.fx">
      <Filter>Shader</Filter>
    </FxCompile>
    <FxCompile Include="..\Resources\Shader\deferred.fx">
      <Filter>Shader</Filter>
    </FxCompile>
    <FxCompile Include="..\Resources\Shader\forward.fx">
      <Filter>Shader</Filter>
    </FxCompile>
    <FxCompile Include="..\Resources\Shader\lighting.fx">
      <Filter>Shader</Filter>
    </FxCompile>
    <FxCompile Include="..\Resources\Shader\math.fx">
      <Filter>Shader</Filter>
    </FxCompile>
    <FxCompile Include="..\Resources\Shader\params.fx">
      <Filter>Shader</Filter>
    </FxCompile>
    <FxCompile Include="..\Resources\Shader\particle.fx">
      <Filter>Shader</Filter>
    </FxCompile>
    <FxCompile Include="..\Resources\Shader\shadow.fx">
      <Filter>Shader</Filter>
    </FxCompile>
    <FxCompile Include="..\Resources\Shader\skybox.fx">
      <Filter>Shader</Filter>
    </FxCompile>
    <FxCompile Include="..\Resources\Shader\terrain.fx">
      <Filter>Shader</Filter>
    </FxCompile>
    <FxCompile Include="..\Resources\Shader\tessellation.fx">
      <Filter>Shader</Filter>
    </FxCompile>
    <FxCompile Include="..\Resources\Shader\utils.fx">
      <Filter>Shader</Filter>
    </FxCompile>
    <FxCompile Include="..\Resources\Shader\test.fx">
      <Filter>Shader</Filter>
    </FxCompile>
  </ItemGroup>
  <ItemGroup>
    <ResourceCompile Include="Engine.rc">
      <Filter>Object\Component\Script</Filter>
    </ResourceCompile>
  </ItemGroup>
</Project>